PODS:
  - Facebook-iOS-SDK (3.10.0)
  - Lookback (0.4.15)
  - Parse-iOS-SDK (1.2.16):
    - Facebook-iOS-SDK (~> 3.7)

DEPENDENCIES:
  - Lookback
  - Parse-iOS-SDK

SPEC CHECKSUMS:
  Facebook-iOS-SDK: ef402579aeb30cf0c4a6370fb0a927e3dc3059e5
  Lookback: 28a0ac02f984ff32c65c8715caa767d835b84359
  Parse-iOS-SDK: 604907fddc0e299a1b9d79c1c04377d34662dfcd

COCOAPODS: 0.28.0
