// !$*UTF8*$!
{
	archiveVersion = 1;
	classes = {
	};
	objectVersion = 46;
	objects = {

/* Begin PBXBuildFile section */
		72D8C13017E56063004787B7 /* UIKit.framework in Frameworks */ = {isa = PBXBuildFile; fileRef = 72D8C12F17E56063004787B7 /* UIKit.framework */; };
		72D8C13217E56063004787B7 /* Foundation.framework in Frameworks */ = {isa = PBXBuildFile; fileRef = 72D8C13117E56063004787B7 /* Foundation.framework */; };
		72D8C13417E56063004787B7 /* CoreGraphics.framework in Frameworks */ = {isa = PBXBuildFile; fileRef = 72D8C13317E56063004787B7 /* CoreGraphics.framework */; };
		72D8C13A17E56063004787B7 /* InfoPlist.strings in Resources */ = {isa = PBXBuildFile; fileRef = 72D8C13817E56063004787B7 /* InfoPlist.strings */; };
		72D8C13C17E56063004787B7 /* main.m in Sources */ = {isa = PBXBuildFile; fileRef = 72D8C13B17E56063004787B7 /* main.m */; };
		72D8C14017E56063004787B7 /* _CAppDelegate.m in Sources */ = {isa = PBXBuildFile; fileRef = 72D8C13F17E56063004787B7 /* _CAppDelegate.m */; };
		72D8C14217E56063004787B7 /* Default.png in Resources */ = {isa = PBXBuildFile; fileRef = 72D8C14117E56063004787B7 /* Default.png */; };
		72D8C14417E56063004787B7 /* Default@2x.png in Resources */ = {isa = PBXBuildFile; fileRef = 72D8C14317E56063004787B7 /* Default@2x.png */; };
		72D8C14617E56063004787B7 /* Default-568h@2x.png in Resources */ = {isa = PBXBuildFile; fileRef = 72D8C14517E56063004787B7 /* Default-568h@2x.png */; };
		72D8C14917E56063004787B7 /* MainStoryboard.storyboard in Resources */ = {isa = PBXBuildFile; fileRef = 72D8C14717E56063004787B7 /* MainStoryboard.storyboard */; };
		72D8C15417E5618B004787B7 /* MainTableViewController.m in Sources */ = {isa = PBXBuildFile; fileRef = 72D8C15317E5618B004787B7 /* MainTableViewController.m */; };
		72E4703017F387B400ECD462 /* QuartzCore.framework in Frameworks */ = {isa = PBXBuildFile; fileRef = 72E4702F17F387B400ECD462 /* QuartzCore.framework */; };
		72E4704517F3D94000ECD462 /* menu.png in Resources */ = {isa = PBXBuildFile; fileRef = 72E4704317F3D94000ECD462 /* menu.png */; };
		72E4704817F3E37800ECD462 /* HeaderView.xib in Resources */ = {isa = PBXBuildFile; fileRef = 72E4704717F3E37800ECD462 /* HeaderView.xib */; };
		86A6BC9D7372482DB6BB62EE /* libPods.a in Frameworks */ = {isa = PBXBuildFile; fileRef = AD9E56F5ACF14426A525F5E3 /* libPods.a */; };
		D8B273EF184AB57100AE40B8 /* DetailViewWithSubHeadersViewController.m in Sources */ = {isa = PBXBuildFile; fileRef = D8B273EE184AB57100AE40B8 /* DetailViewWithSubHeadersViewController.m */; };
		D8BAB7BE184F00C6009254B1 /* Images.xcassets in Resources */ = {isa = PBXBuildFile; fileRef = D8BAB7BD184F00C6009254B1 /* Images.xcassets */; };
		D8BAB7CF184F09C8009254B1 /* Icon-40.png in Resources */ = {isa = PBXBuildFile; fileRef = D8BAB7BF184F09C8009254B1 /* Icon-40.png */; };
		D8BAB7D0184F09C8009254B1 /* Icon-40@2x.png in Resources */ = {isa = PBXBuildFile; fileRef = D8BAB7C0184F09C8009254B1 /* Icon-40@2x.png */; };
		D8BAB7D1184F09C8009254B1 /* Icon-60.png in Resources */ = {isa = PBXBuildFile; fileRef = D8BAB7C1184F09C8009254B1 /* Icon-60.png */; };
		D8BAB7D2184F09C8009254B1 /* Icon-60@2x.png in Resources */ = {isa = PBXBuildFile; fileRef = D8BAB7C2184F09C8009254B1 /* Icon-60@2x.png */; };
		D8BAB7D3184F09C8009254B1 /* Icon-72.png in Resources */ = {isa = PBXBuildFile; fileRef = D8BAB7C3184F09C8009254B1 /* Icon-72.png */; };
		D8BAB7D4184F09C8009254B1 /* Icon-72@2x.png in Resources */ = {isa = PBXBuildFile; fileRef = D8BAB7C4184F09C8009254B1 /* Icon-72@2x.png */; };
		D8BAB7D5184F09C8009254B1 /* Icon-76.png in Resources */ = {isa = PBXBuildFile; fileRef = D8BAB7C5184F09C8009254B1 /* Icon-76.png */; };
		D8BAB7D6184F09C8009254B1 /* Icon-76@2x.png in Resources */ = {isa = PBXBuildFile; fileRef = D8BAB7C6184F09C8009254B1 /* Icon-76@2x.png */; };
		D8BAB7D7184F09C8009254B1 /* Icon-Small-50.png in Resources */ = {isa = PBXBuildFile; fileRef = D8BAB7C7184F09C8009254B1 /* Icon-Small-50.png */; };
		D8BAB7D8184F09C8009254B1 /* Icon-Small-50@2x.png in Resources */ = {isa = PBXBuildFile; fileRef = D8BAB7C8184F09C8009254B1 /* Icon-Small-50@2x.png */; };
		D8BAB7D9184F09C8009254B1 /* Icon-Small.png in Resources */ = {isa = PBXBuildFile; fileRef = D8BAB7C9184F09C8009254B1 /* Icon-Small.png */; };
		D8BAB7DA184F09C8009254B1 /* Icon-Small@2x.png in Resources */ = {isa = PBXBuildFile; fileRef = D8BAB7CA184F09C8009254B1 /* Icon-Small@2x.png */; };
		D8BAB7DB184F09C8009254B1 /* Icon.png in Resources */ = {isa = PBXBuildFile; fileRef = D8BAB7CB184F09C8009254B1 /* Icon.png */; };
		D8BAB7DC184F09C8009254B1 /* Icon@2x.png in Resources */ = {isa = PBXBuildFile; fileRef = D8BAB7CC184F09C8009254B1 /* Icon@2x.png */; };
		D8BAB7DD184F09C8009254B1 /* iTunesArtwork.png in Resources */ = {isa = PBXBuildFile; fileRef = D8BAB7CD184F09C8009254B1 /* iTunesArtwork.png */; };
		D8BAB7DE184F09C8009254B1 /* iTunesArtwork@2x.png in Resources */ = {isa = PBXBuildFile; fileRef = D8BAB7CE184F09C8009254B1 /* iTunesArtwork@2x.png */; };
		D8D33E211840395B00866FC6 /* 5CViewController.m in Sources */ = {isa = PBXBuildFile; fileRef = D8D33E201840395B00866FC6 /* 5CViewController.m */; };
		D8D33E2A1841571C00866FC6 /* DetailViewController.m in Sources */ = {isa = PBXBuildFile; fileRef = D8D33E291841571C00866FC6 /* DetailViewController.m */; };
		D8D33E2C1841832300866FC6 /* Social.framework in Frameworks */ = {isa = PBXBuildFile; fileRef = D8D33E2B1841832300866FC6 /* Social.framework */; };
		D8D33E3E1841B61700866FC6 /* launchBackground-01.png in Resources */ = {isa = PBXBuildFile; fileRef = D8D33E3D1841B61700866FC6 /* launchBackground-01.png */; };
		D8D33E401841B6E900866FC6 /* launchBackgroundRetna-01.png in Resources */ = {isa = PBXBuildFile; fileRef = D8D33E3F1841B6E900866FC6 /* launchBackgroundRetna-01.png */; };
/* End PBXBuildFile section */

/* Begin PBXFileReference section */
		72D8C12C17E56063004787B7 /* 5CNoms.app */ = {isa = PBXFileReference; explicitFileType = wrapper.application; includeInIndex = 0; path = 5CNoms.app; sourceTree = BUILT_PRODUCTS_DIR; };
		72D8C12F17E56063004787B7 /* UIKit.framework */ = {isa = PBXFileReference; lastKnownFileType = wrapper.framework; name = UIKit.framework; path = System/Library/Frameworks/UIKit.framework; sourceTree = SDKROOT; };
		72D8C13117E56063004787B7 /* Foundation.framework */ = {isa = PBXFileReference; lastKnownFileType = wrapper.framework; name = Foundation.framework; path = System/Library/Frameworks/Foundation.framework; sourceTree = SDKROOT; };
		72D8C13317E56063004787B7 /* CoreGraphics.framework */ = {isa = PBXFileReference; lastKnownFileType = wrapper.framework; name = CoreGraphics.framework; path = System/Library/Frameworks/CoreGraphics.framework; sourceTree = SDKROOT; };
		72D8C13717E56063004787B7 /* 5CWineAndDine-Info.plist */ = {isa = PBXFileReference; lastKnownFileType = text.plist.xml; path = "5CWineAndDine-Info.plist"; sourceTree = "<group>"; };
		72D8C13917E56063004787B7 /* en */ = {isa = PBXFileReference; lastKnownFileType = text.plist.strings; name = en; path = en.lproj/InfoPlist.strings; sourceTree = "<group>"; };
		72D8C13B17E56063004787B7 /* main.m */ = {isa = PBXFileReference; lastKnownFileType = sourcecode.c.objc; path = main.m; sourceTree = "<group>"; };
		72D8C13D17E56063004787B7 /* 5CWineAndDine-Prefix.pch */ = {isa = PBXFileReference; lastKnownFileType = sourcecode.c.h; path = "5CWineAndDine-Prefix.pch"; sourceTree = "<group>"; };
		72D8C13E17E56063004787B7 /* _CAppDelegate.h */ = {isa = PBXFileReference; lastKnownFileType = sourcecode.c.h; name = _CAppDelegate.h; path = 5CWineAndDine/_CAppDelegate.h; sourceTree = "<group>"; };
		72D8C13F17E56063004787B7 /* _CAppDelegate.m */ = {isa = PBXFileReference; lastKnownFileType = sourcecode.c.objc; name = _CAppDelegate.m; path = 5CWineAndDine/_CAppDelegate.m; sourceTree = "<group>"; };
		72D8C14117E56063004787B7 /* Default.png */ = {isa = PBXFileReference; lastKnownFileType = image.png; path = Default.png; sourceTree = "<group>"; };
		72D8C14317E56063004787B7 /* Default@2x.png */ = {isa = PBXFileReference; lastKnownFileType = image.png; path = "Default@2x.png"; sourceTree = "<group>"; };
		72D8C14517E56063004787B7 /* Default-568h@2x.png */ = {isa = PBXFileReference; lastKnownFileType = image.png; path = "Default-568h@2x.png"; sourceTree = "<group>"; };
		72D8C14817E56063004787B7 /* en */ = {isa = PBXFileReference; lastKnownFileType = file.storyboard; name = en; path = en.lproj/MainStoryboard.storyboard; sourceTree = "<group>"; };
		72D8C15217E5618B004787B7 /* MainTableViewController.h */ = {isa = PBXFileReference; fileEncoding = 4; lastKnownFileType = sourcecode.c.h; path = MainTableViewController.h; sourceTree = "<group>"; };
		72D8C15317E5618B004787B7 /* MainTableViewController.m */ = {isa = PBXFileReference; fileEncoding = 4; lastKnownFileType = sourcecode.c.objc; path = MainTableViewController.m; sourceTree = "<group>"; };
		72E4702F17F387B400ECD462 /* QuartzCore.framework */ = {isa = PBXFileReference; lastKnownFileType = wrapper.framework; name = QuartzCore.framework; path = System/Library/Frameworks/QuartzCore.framework; sourceTree = SDKROOT; };
		72E4704317F3D94000ECD462 /* menu.png */ = {isa = PBXFileReference; lastKnownFileType = image.png; path = menu.png; sourceTree = "<group>"; };
		72E4704717F3E37800ECD462 /* HeaderView.xib */ = {isa = PBXFileReference; fileEncoding = 4; lastKnownFileType = file.xib; path = HeaderView.xib; sourceTree = "<group>"; };
		AD9E56F5ACF14426A525F5E3 /* libPods.a */ = {isa = PBXFileReference; explicitFileType = archive.ar; includeInIndex = 0; path = libPods.a; sourceTree = BUILT_PRODUCTS_DIR; };
		B4F72801BEB44BA2A890A4B1 /* Pods.xcconfig */ = {isa = PBXFileReference; includeInIndex = 1; lastKnownFileType = text.xcconfig; name = Pods.xcconfig; path = Pods/Pods.xcconfig; sourceTree = "<group>"; };
		D8B273ED184AB57100AE40B8 /* DetailViewWithSubHeadersViewController.h */ = {isa = PBXFileReference; fileEncoding = 4; lastKnownFileType = sourcecode.c.h; path = DetailViewWithSubHeadersViewController.h; sourceTree = "<group>"; };
		D8B273EE184AB57100AE40B8 /* DetailViewWithSubHeadersViewController.m */ = {isa = PBXFileReference; fileEncoding = 4; lastKnownFileType = sourcecode.c.objc; path = DetailViewWithSubHeadersViewController.m; sourceTree = "<group>"; };
		D8BAB7BD184F00C6009254B1 /* Images.xcassets */ = {isa = PBXFileReference; lastKnownFileType = folder.assetcatalog; path = Images.xcassets; sourceTree = "<group>"; };
		D8BAB7BF184F09C8009254B1 /* Icon-40.png */ = {isa = PBXFileReference; lastKnownFileType = image.png; path = "Icon-40.png"; sourceTree = "<group>"; };
		D8BAB7C0184F09C8009254B1 /* Icon-40@2x.png */ = {isa = PBXFileReference; lastKnownFileType = image.png; path = "Icon-40@2x.png"; sourceTree = "<group>"; };
		D8BAB7C1184F09C8009254B1 /* Icon-60.png */ = {isa = PBXFileReference; lastKnownFileType = image.png; path = "Icon-60.png"; sourceTree = "<group>"; };
		D8BAB7C2184F09C8009254B1 /* Icon-60@2x.png */ = {isa = PBXFileReference; lastKnownFileType = image.png; path = "Icon-60@2x.png"; sourceTree = "<group>"; };
		D8BAB7C3184F09C8009254B1 /* Icon-72.png */ = {isa = PBXFileReference; lastKnownFileType = image.png; path = "Icon-72.png"; sourceTree = "<group>"; };
		D8BAB7C4184F09C8009254B1 /* Icon-72@2x.png */ = {isa = PBXFileReference; lastKnownFileType = image.png; path = "Icon-72@2x.png"; sourceTree = "<group>"; };
		D8BAB7C5184F09C8009254B1 /* Icon-76.png */ = {isa = PBXFileReference; lastKnownFileType = image.png; path = "Icon-76.png"; sourceTree = "<group>"; };
		D8BAB7C6184F09C8009254B1 /* Icon-76@2x.png */ = {isa = PBXFileReference; lastKnownFileType = image.png; path = "Icon-76@2x.png"; sourceTree = "<group>"; };
		D8BAB7C7184F09C8009254B1 /* Icon-Small-50.png */ = {isa = PBXFileReference; lastKnownFileType = image.png; path = "Icon-Small-50.png"; sourceTree = "<group>"; };
		D8BAB7C8184F09C8009254B1 /* Icon-Small-50@2x.png */ = {isa = PBXFileReference; lastKnownFileType = image.png; path = "Icon-Small-50@2x.png"; sourceTree = "<group>"; };
		D8BAB7C9184F09C8009254B1 /* Icon-Small.png */ = {isa = PBXFileReference; lastKnownFileType = image.png; path = "Icon-Small.png"; sourceTree = "<group>"; };
		D8BAB7CA184F09C8009254B1 /* Icon-Small@2x.png */ = {isa = PBXFileReference; lastKnownFileType = image.png; path = "Icon-Small@2x.png"; sourceTree = "<group>"; };
		D8BAB7CB184F09C8009254B1 /* Icon.png */ = {isa = PBXFileReference; lastKnownFileType = image.png; path = Icon.png; sourceTree = "<group>"; };
		D8BAB7CC184F09C8009254B1 /* Icon@2x.png */ = {isa = PBXFileReference; lastKnownFileType = image.png; path = "Icon@2x.png"; sourceTree = "<group>"; };
		D8BAB7CD184F09C8009254B1 /* iTunesArtwork.png */ = {isa = PBXFileReference; lastKnownFileType = image.png; path = iTunesArtwork.png; sourceTree = "<group>"; };
		D8BAB7CE184F09C8009254B1 /* iTunesArtwork@2x.png */ = {isa = PBXFileReference; lastKnownFileType = image.png; path = "iTunesArtwork@2x.png"; sourceTree = "<group>"; };
		D8D33E1F1840395B00866FC6 /* 5CViewController.h */ = {isa = PBXFileReference; fileEncoding = 4; lastKnownFileType = sourcecode.c.h; path = 5CViewController.h; sourceTree = "<group>"; };
		D8D33E201840395B00866FC6 /* 5CViewController.m */ = {isa = PBXFileReference; fileEncoding = 4; lastKnownFileType = sourcecode.c.objc; path = 5CViewController.m; sourceTree = "<group>"; };
		D8D33E25184084CB00866FC6 /* Constants.h */ = {isa = PBXFileReference; fileEncoding = 4; lastKnownFileType = sourcecode.c.h; name = Constants.h; path = 5CWineAndDine/Constants.h; sourceTree = "<group>"; };
		D8D33E281841571C00866FC6 /* DetailViewController.h */ = {isa = PBXFileReference; fileEncoding = 4; lastKnownFileType = sourcecode.c.h; path = DetailViewController.h; sourceTree = "<group>"; };
		D8D33E291841571C00866FC6 /* DetailViewController.m */ = {isa = PBXFileReference; fileEncoding = 4; lastKnownFileType = sourcecode.c.objc; path = DetailViewController.m; sourceTree = "<group>"; };
		D8D33E2B1841832300866FC6 /* Social.framework */ = {isa = PBXFileReference; lastKnownFileType = wrapper.framework; name = Social.framework; path = System/Library/Frameworks/Social.framework; sourceTree = SDKROOT; };
		D8D33E3D1841B61700866FC6 /* launchBackground-01.png */ = {isa = PBXFileReference; lastKnownFileType = image.png; path = "launchBackground-01.png"; sourceTree = "<group>"; };
		D8D33E3F1841B6E900866FC6 /* launchBackgroundRetna-01.png */ = {isa = PBXFileReference; lastKnownFileType = image.png; path = "launchBackgroundRetna-01.png"; sourceTree = "<group>"; };
/* End PBXFileReference section */

/* Begin PBXFrameworksBuildPhase section */
		72D8C12917E56063004787B7 /* Frameworks */ = {
			isa = PBXFrameworksBuildPhase;
			buildActionMask = 2147483647;
			files = (
				D8D33E2C1841832300866FC6 /* Social.framework in Frameworks */,
				72E4703017F387B400ECD462 /* QuartzCore.framework in Frameworks */,
				72D8C13017E56063004787B7 /* UIKit.framework in Frameworks */,
				72D8C13217E56063004787B7 /* Foundation.framework in Frameworks */,
				72D8C13417E56063004787B7 /* CoreGraphics.framework in Frameworks */,
				86A6BC9D7372482DB6BB62EE /* libPods.a in Frameworks */,
			);
			runOnlyForDeploymentPostprocessing = 0;
		};
/* End PBXFrameworksBuildPhase section */

/* Begin PBXGroup section */
		72D8C12317E56063004787B7 = {
			isa = PBXGroup;
			children = (
				72E4704717F3E37800ECD462 /* HeaderView.xib */,
				D8D33E25184084CB00866FC6 /* Constants.h */,
				72D8C13E17E56063004787B7 /* _CAppDelegate.h */,
				72D8C13F17E56063004787B7 /* _CAppDelegate.m */,
				72E4702F17F387B400ECD462 /* QuartzCore.framework */,
				72D8C13517E56063004787B7 /* 5CWineAndDine */,
				72D8C12E17E56063004787B7 /* Frameworks */,
				72D8C12D17E56063004787B7 /* Products */,
				B4F72801BEB44BA2A890A4B1 /* Pods.xcconfig */,
			);
			sourceTree = "<group>";
		};
		72D8C12D17E56063004787B7 /* Products */ = {
			isa = PBXGroup;
			children = (
				72D8C12C17E56063004787B7 /* 5CNoms.app */,
			);
			name = Products;
			sourceTree = "<group>";
		};
		72D8C12E17E56063004787B7 /* Frameworks */ = {
			isa = PBXGroup;
			children = (
				D8D33E2B1841832300866FC6 /* Social.framework */,
				72D8C12F17E56063004787B7 /* UIKit.framework */,
				72D8C13117E56063004787B7 /* Foundation.framework */,
				72D8C13317E56063004787B7 /* CoreGraphics.framework */,
				AD9E56F5ACF14426A525F5E3 /* libPods.a */,
			);
			name = Frameworks;
			sourceTree = "<group>";
		};
		72D8C13517E56063004787B7 /* 5CWineAndDine */ = {
			isa = PBXGroup;
			children = (
				72D8C14717E56063004787B7 /* MainStoryboard.storyboard */,
				72D8C15217E5618B004787B7 /* MainTableViewController.h */,
				72D8C15317E5618B004787B7 /* MainTableViewController.m */,
				D8D33E1F1840395B00866FC6 /* 5CViewController.h */,
				D8D33E201840395B00866FC6 /* 5CViewController.m */,
				D8D33E281841571C00866FC6 /* DetailViewController.h */,
				D8D33E291841571C00866FC6 /* DetailViewController.m */,
				D8B273ED184AB57100AE40B8 /* DetailViewWithSubHeadersViewController.h */,
				D8B273EE184AB57100AE40B8 /* DetailViewWithSubHeadersViewController.m */,
				D8BAB7BD184F00C6009254B1 /* Images.xcassets */,
				72D8C13617E56063004787B7 /* Supporting Files */,
			);
			path = 5CWineAndDine;
			sourceTree = "<group>";
		};
		72D8C13617E56063004787B7 /* Supporting Files */ = {
			isa = PBXGroup;
			children = (
				D8B273E918468D8E00AE40B8 /* art.assets */,
				72D8C13717E56063004787B7 /* 5CWineAndDine-Info.plist */,
				72D8C13817E56063004787B7 /* InfoPlist.strings */,
				72D8C13B17E56063004787B7 /* main.m */,
				72D8C13D17E56063004787B7 /* 5CWineAndDine-Prefix.pch */,
				72D8C14117E56063004787B7 /* Default.png */,
				72D8C14317E56063004787B7 /* Default@2x.png */,
				72D8C14517E56063004787B7 /* Default-568h@2x.png */,
			);
			name = "Supporting Files";
			sourceTree = "<group>";
		};
		D8B273E918468D8E00AE40B8 /* art.assets */ = {
			isa = PBXGroup;
			children = (
				D8BAB7BF184F09C8009254B1 /* Icon-40.png */,
				D8BAB7C0184F09C8009254B1 /* Icon-40@2x.png */,
				D8BAB7C1184F09C8009254B1 /* Icon-60.png */,
				D8BAB7C2184F09C8009254B1 /* Icon-60@2x.png */,
				D8BAB7C3184F09C8009254B1 /* Icon-72.png */,
				D8BAB7C4184F09C8009254B1 /* Icon-72@2x.png */,
				D8BAB7C5184F09C8009254B1 /* Icon-76.png */,
				D8BAB7C6184F09C8009254B1 /* Icon-76@2x.png */,
				D8BAB7C7184F09C8009254B1 /* Icon-Small-50.png */,
				D8BAB7C8184F09C8009254B1 /* Icon-Small-50@2x.png */,
				D8BAB7C9184F09C8009254B1 /* Icon-Small.png */,
				D8BAB7CA184F09C8009254B1 /* Icon-Small@2x.png */,
				D8BAB7CB184F09C8009254B1 /* Icon.png */,
				D8BAB7CC184F09C8009254B1 /* Icon@2x.png */,
				D8BAB7CD184F09C8009254B1 /* iTunesArtwork.png */,
				D8BAB7CE184F09C8009254B1 /* iTunesArtwork@2x.png */,
				D8D33E3D1841B61700866FC6 /* launchBackground-01.png */,
				D8D33E3F1841B6E900866FC6 /* launchBackgroundRetna-01.png */,
				72E4704317F3D94000ECD462 /* menu.png */,
			);
			name = art.assets;
			sourceTree = "<group>";
		};
/* End PBXGroup section */

/* Begin PBXNativeTarget section */
		72D8C12B17E56063004787B7 /* 5CWineAndDine */ = {
			isa = PBXNativeTarget;
			buildConfigurationList = 72D8C14F17E56063004787B7 /* Build configuration list for PBXNativeTarget "5CWineAndDine" */;
			buildPhases = (
				A65189EE8E4A4C6FBADBF7E6 /* Check Pods Manifest.lock */,
				72D8C12817E56063004787B7 /* Sources */,
				72D8C12917E56063004787B7 /* Frameworks */,
				72D8C12A17E56063004787B7 /* Resources */,
				0CB31D6A23BC4FEF982DE6AE /* Copy Pods Resources */,
			);
			buildRules = (
			);
			dependencies = (
			);
			name = 5CWineAndDine;
			productName = 5CWineAndDine;
			productReference = 72D8C12C17E56063004787B7 /* 5CNoms.app */;
			productType = "com.apple.product-type.application";
		};
/* End PBXNativeTarget section */

/* Begin PBXProject section */
		72D8C12417E56063004787B7 /* Project object */ = {
			isa = PBXProject;
			attributes = {
				CLASSPREFIX = 5C;
				LastUpgradeCheck = 0460;
				ORGANIZATIONNAME = "Sean Adler";
				TargetAttributes = {
					72D8C12B17E56063004787B7 = {
						DevelopmentTeam = 2RCTX396VF;
					};
				};
			};
			buildConfigurationList = 72D8C12717E56063004787B7 /* Build configuration list for PBXProject "5CWineAndDine" */;
			compatibilityVersion = "Xcode 3.2";
			developmentRegion = English;
			hasScannedForEncodings = 0;
			knownRegions = (
				en,
			);
			mainGroup = 72D8C12317E56063004787B7;
			productRefGroup = 72D8C12D17E56063004787B7 /* Products */;
			projectDirPath = "";
			projectRoot = "";
			targets = (
				72D8C12B17E56063004787B7 /* 5CWineAndDine */,
			);
		};
/* End PBXProject section */

/* Begin PBXResourcesBuildPhase section */
		72D8C12A17E56063004787B7 /* Resources */ = {
			isa = PBXResourcesBuildPhase;
			buildActionMask = 2147483647;
			files = (
				D8BAB7D7184F09C8009254B1 /* Icon-Small-50.png in Resources */,
				D8BAB7DC184F09C8009254B1 /* Icon@2x.png in Resources */,
				72D8C13A17E56063004787B7 /* InfoPlist.strings in Resources */,
				D8BAB7D8184F09C8009254B1 /* Icon-Small-50@2x.png in Resources */,
				72D8C14217E56063004787B7 /* Default.png in Resources */,
				72D8C14417E56063004787B7 /* Default@2x.png in Resources */,
				D8BAB7D2184F09C8009254B1 /* Icon-60@2x.png in Resources */,
				D8BAB7BE184F00C6009254B1 /* Images.xcassets in Resources */,
				72D8C14617E56063004787B7 /* Default-568h@2x.png in Resources */,
				D8BAB7D9184F09C8009254B1 /* Icon-Small.png in Resources */,
				D8BAB7DB184F09C8009254B1 /* Icon.png in Resources */,
				72D8C14917E56063004787B7 /* MainStoryboard.storyboard in Resources */,
				72E4704517F3D94000ECD462 /* menu.png in Resources */,
				D8BAB7D1184F09C8009254B1 /* Icon-60.png in Resources */,
				72E4704817F3E37800ECD462 /* HeaderView.xib in Resources */,
				D8BAB7D6184F09C8009254B1 /* Icon-76@2x.png in Resources */,
				D8BAB7D4184F09C8009254B1 /* Icon-72@2x.png in Resources */,
				D8D33E401841B6E900866FC6 /* launchBackgroundRetna-01.png in Resources */,
				D8BAB7D5184F09C8009254B1 /* Icon-76.png in Resources */,
				D8BAB7D3184F09C8009254B1 /* Icon-72.png in Resources */,
				D8BAB7D0184F09C8009254B1 /* Icon-40@2x.png in Resources */,
				D8BAB7CF184F09C8009254B1 /* Icon-40.png in Resources */,
				D8D33E3E1841B61700866FC6 /* launchBackground-01.png in Resources */,
				D8BAB7DE184F09C8009254B1 /* iTunesArtwork@2x.png in Resources */,
				D8BAB7DD184F09C8009254B1 /* iTunesArtwork.png in Resources */,
				D8BAB7DA184F09C8009254B1 /* Icon-Small@2x.png in Resources */,
			);
			runOnlyForDeploymentPostprocessing = 0;
		};
/* End PBXResourcesBuildPhase section */

/* Begin PBXShellScriptBuildPhase section */
		0CB31D6A23BC4FEF982DE6AE /* Copy Pods Resources */ = {
			isa = PBXShellScriptBuildPhase;
			buildActionMask = 2147483647;
			files = (
			);
			inputPaths = (
			);
			name = "Copy Pods Resources";
			outputPaths = (
			);
			runOnlyForDeploymentPostprocessing = 0;
			shellPath = /bin/sh;
			shellScript = "\"${SRCROOT}/Pods/Pods-resources.sh\"\n";
			showEnvVarsInLog = 0;
		};
		A65189EE8E4A4C6FBADBF7E6 /* Check Pods Manifest.lock */ = {
			isa = PBXShellScriptBuildPhase;
			buildActionMask = 2147483647;
			files = (
			);
			inputPaths = (
			);
			name = "Check Pods Manifest.lock";
			outputPaths = (
			);
			runOnlyForDeploymentPostprocessing = 0;
			shellPath = /bin/sh;
			shellScript = "diff \"${PODS_ROOT}/../Podfile.lock\" \"${PODS_ROOT}/Manifest.lock\" > /dev/null\nif [[ $? != 0 ]] ; then\n    cat << EOM\nerror: The sandbox is not in sync with the Podfile.lock. Run 'pod install' or update your CocoaPods installation.\nEOM\n    exit 1\nfi\n";
			showEnvVarsInLog = 0;
		};
/* End PBXShellScriptBuildPhase section */

/* Begin PBXSourcesBuildPhase section */
		72D8C12817E56063004787B7 /* Sources */ = {
			isa = PBXSourcesBuildPhase;
			buildActionMask = 2147483647;
			files = (
				72D8C13C17E56063004787B7 /* main.m in Sources */,
				72D8C14017E56063004787B7 /* _CAppDelegate.m in Sources */,
				D8D33E211840395B00866FC6 /* 5CViewController.m in Sources */,
				72D8C15417E5618B004787B7 /* MainTableViewController.m in Sources */,
				D8B273EF184AB57100AE40B8 /* DetailViewWithSubHeadersViewController.m in Sources */,
				D8D33E2A1841571C00866FC6 /* DetailViewController.m in Sources */,
			);
			runOnlyForDeploymentPostprocessing = 0;
		};
/* End PBXSourcesBuildPhase section */

/* Begin PBXVariantGroup section */
		72D8C13817E56063004787B7 /* InfoPlist.strings */ = {
			isa = PBXVariantGroup;
			children = (
				72D8C13917E56063004787B7 /* en */,
			);
			name = InfoPlist.strings;
			sourceTree = "<group>";
		};
		72D8C14717E56063004787B7 /* MainStoryboard.storyboard */ = {
			isa = PBXVariantGroup;
			children = (
				72D8C14817E56063004787B7 /* en */,
			);
			name = MainStoryboard.storyboard;
			sourceTree = "<group>";
		};
/* End PBXVariantGroup section */

/* Begin XCBuildConfiguration section */
		72D8C14D17E56063004787B7 /* Debug */ = {
			isa = XCBuildConfiguration;
			buildSettings = {
				ALWAYS_SEARCH_USER_PATHS = NO;
				CLANG_CXX_LANGUAGE_STANDARD = "gnu++0x";
				CLANG_CXX_LIBRARY = "libc++";
				CLANG_ENABLE_OBJC_ARC = YES;
				CLANG_WARN_CONSTANT_CONVERSION = YES;
				CLANG_WARN_EMPTY_BODY = YES;
				CLANG_WARN_ENUM_CONVERSION = YES;
				CLANG_WARN_INT_CONVERSION = YES;
				CLANG_WARN__DUPLICATE_METHOD_MATCH = YES;
				"CODE_SIGN_IDENTITY[sdk=iphoneos*]" = "iPhone Developer";
				COPY_PHASE_STRIP = NO;
				GCC_C_LANGUAGE_STANDARD = gnu99;
				GCC_DYNAMIC_NO_PIC = NO;
				GCC_OPTIMIZATION_LEVEL = 0;
				GCC_PREPROCESSOR_DEFINITIONS = (
					"DEBUG=1",
					"$(inherited)",
				);
				GCC_SYMBOLS_PRIVATE_EXTERN = NO;
				GCC_WARN_ABOUT_RETURN_TYPE = YES;
				GCC_WARN_UNINITIALIZED_AUTOS = YES;
				GCC_WARN_UNUSED_VARIABLE = YES;
				IPHONEOS_DEPLOYMENT_TARGET = 6.1;
				ONLY_ACTIVE_ARCH = YES;
				SDKROOT = iphoneos;
			};
			name = Debug;
		};
		72D8C14E17E56063004787B7 /* Release */ = {
			isa = XCBuildConfiguration;
			buildSettings = {
				ALWAYS_SEARCH_USER_PATHS = NO;
				CLANG_CXX_LANGUAGE_STANDARD = "gnu++0x";
				CLANG_CXX_LIBRARY = "libc++";
				CLANG_ENABLE_OBJC_ARC = YES;
				CLANG_WARN_CONSTANT_CONVERSION = YES;
				CLANG_WARN_EMPTY_BODY = YES;
				CLANG_WARN_ENUM_CONVERSION = YES;
				CLANG_WARN_INT_CONVERSION = YES;
				CLANG_WARN__DUPLICATE_METHOD_MATCH = YES;
				"CODE_SIGN_IDENTITY[sdk=iphoneos*]" = "iPhone Developer";
				COPY_PHASE_STRIP = YES;
				GCC_C_LANGUAGE_STANDARD = gnu99;
				GCC_WARN_ABOUT_RETURN_TYPE = YES;
				GCC_WARN_UNINITIALIZED_AUTOS = YES;
				GCC_WARN_UNUSED_VARIABLE = YES;
				IPHONEOS_DEPLOYMENT_TARGET = 6.1;
				OTHER_CFLAGS = "-DNS_BLOCK_ASSERTIONS=1";
				SDKROOT = iphoneos;
				VALIDATE_PRODUCT = YES;
			};
			name = Release;
		};
		72D8C15017E56063004787B7 /* Debug */ = {
			isa = XCBuildConfiguration;
			baseConfigurationReference = B4F72801BEB44BA2A890A4B1 /* Pods.xcconfig */;
			buildSettings = {
				ASSETCATALOG_COMPILER_APPICON_NAME = AppIcon;
				ASSETCATALOG_COMPILER_LAUNCHIMAGE_NAME = LaunchImage;
				CODE_SIGN_IDENTITY = "iPhone Developer";
				"CODE_SIGN_IDENTITY[sdk=iphoneos*]" = "iPhone Developer";
				GCC_PRECOMPILE_PREFIX_HEADER = YES;
				GCC_PREFIX_HEADER = "5CWineAndDine/5CWineAndDine-Prefix.pch";
				INFOPLIST_FILE = "5CWineAndDine/5CWineAndDine-Info.plist";
				IPHONEOS_DEPLOYMENT_TARGET = 7.0;
				PRODUCT_NAME = 5CNoms;
				PROVISIONING_PROFILE = "652E00F1-79BC-4DBA-8F26-F74CAD47F0C3";
				TARGETED_DEVICE_FAMILY = 1;
				WRAPPER_EXTENSION = app;
			};
			name = Debug;
		};
		72D8C15117E56063004787B7 /* Release */ = {
			isa = XCBuildConfiguration;
			baseConfigurationReference = B4F72801BEB44BA2A890A4B1 /* Pods.xcconfig */;
			buildSettings = {
				ASSETCATALOG_COMPILER_APPICON_NAME = AppIcon;
				ASSETCATALOG_COMPILER_LAUNCHIMAGE_NAME = LaunchImage;
				CODE_SIGN_IDENTITY = "iPhone Developer";
				"CODE_SIGN_IDENTITY[sdk=iphoneos*]" = "iPhone Developer";
				GCC_PRECOMPILE_PREFIX_HEADER = YES;
				GCC_PREFIX_HEADER = "5CWineAndDine/5CWineAndDine-Prefix.pch";
				INFOPLIST_FILE = "5CWineAndDine/5CWineAndDine-Info.plist";
				IPHONEOS_DEPLOYMENT_TARGET = 7.0;
				PRODUCT_NAME = 5CNoms;
				PROVISIONING_PROFILE = "F5817942-A295-48C0-B262-DFC48443721C";
				"PROVISIONING_PROFILE[sdk=iphoneos*]" = "";
				TARGETED_DEVICE_FAMILY = 1;
				WRAPPER_EXTENSION = app;
			};
			name = Release;
		};
/* End XCBuildConfiguration section */

/* Begin XCConfigurationList section */
		72D8C12717E56063004787B7 /* Build configuration list for PBXProject "5CWineAndDine" */ = {
			isa = XCConfigurationList;
			buildConfigurations = (
				72D8C14D17E56063004787B7 /* Debug */,
				72D8C14E17E56063004787B7 /* Release */,
			);
			defaultConfigurationIsVisible = 0;
			defaultConfigurationName = Release;
		};
		72D8C14F17E56063004787B7 /* Build configuration list for PBXNativeTarget "5CWineAndDine" */ = {
			isa = XCConfigurationList;
			buildConfigurations = (
				72D8C15017E56063004787B7 /* Debug */,
				72D8C15117E56063004787B7 /* Release */,
			);
			defaultConfigurationIsVisible = 0;
			defaultConfigurationName = Release;
		};
/* End XCConfigurationList section */
	};
	rootObject = 72D8C12417E56063004787B7 /* Project object */;
}
